
Microsoft Visual Studio Solution File, Format Version 12.00
# Visual Studio Version 17
VisualStudioVersion = 17.14.37516.0
MinimumVisualStudioVersion = 10.0.40219.1
Project("{FAE04EC0-301F-11D3-BF4B-00C04F79EFBC}") = "CapaModelo_BtnVerReporte", "CapaModelo_BtnVerReporte\CapaModelo_BtnVerReporte.csproj", "{37218D37-CC36-4A86-A377-32E0CB7186E1}"
EndProject
Project("{FAE04EC0-301F-11D3-BF4B-00C04F79EFBC}") = "CapaControlador_BtnVerReporte", "CapaControlador_BtnVerReporte\CapaControlador_BtnVerReporte.csproj", "{4C2E3FB4-7A35-4C70-B5E9-6AC28F5D8EAA}"
EndProject
Project("{FAE04EC0-301F-11D3-BF4B-00C04F79EFBC}") = "CapaVista_BtnVerReporte", "CapaVista_BtnVerReporte\CapaVista_BtnVerReporte.csproj", "{AF9DE744-F5E8-46A5-8BED-ADE98F32046C}"
EndProject
Global
	GlobalSection(SolutionConfigurationPlatforms) = preSolution
		Debug|Any CPU = Debug|Any CPU
		Release|Any CPU = Release|Any CPU
	EndGlobalSection
	GlobalSection(ProjectConfigurationPlatforms) = postSolution
		{37218D37-CC36-4A86-A377-32E0CB7186E1}.Debug|Any CPU.ActiveCfg = Debug|Any CPU
		{37218D37-CC36-4A86-A377-32E0CB7186E1}.Debug|Any CPU.Build.0 = Debug|Any CPU
		{37218D37-CC36-4A86-A377-32E0CB7186E1}.Release|Any CPU.ActiveCfg = Release|Any CPU
		{37218D37-CC36-4A86-A377-32E0CB7186E1}.Release|Any CPU.Build.0 = Release|Any CPU
		{4C2E3FB4-7A35-4C70-B5E9-6AC28F5D8EAA}.Debug|Any CPU.ActiveCfg = Debug|Any CPU
		{4C2E3FB4-7A35-4C70-B5E9-6AC28F5D8EAA}.Debug|Any CPU.Build.0 = Debug|Any CPU
		{4C2E3FB4-7A35-4C70-B5E9-6AC28F5D8EAA}.Release|Any CPU.ActiveCfg = Release|Any CPU
		{4C2E3FB4-7A35-4C70-B5E9-6AC28F5D8EAA}.Release|Any CPU.Build.0 = Release|Any CPU
		{AF9DE744-F5E8-46A5-8BED-ADE98F32046C}.Debug|Any CPU.ActiveCfg = Debug|Any CPU
		{AF9DE744-F5E8-46A5-8BED-ADE98F32046C}.Debug|Any CPU.Build.0 = Debug|Any CPU
		{AF9DE744-F5E8-46A5-8BED-ADE98F32046C}.Release|Any CPU.ActiveCfg = Release|Any CPU
		{AF9DE744-F5E8-46A5-8BED-ADE98F32046C}.Release|Any CPU.Build.0 = Release|Any CPU
	EndGlobalSection
	GlobalSection(SolutionProperties) = preSolution
		HideSolutionNode = FALSE
	EndGlobalSection
	GlobalSection(ExtensibilityGlobals) = postSolution
		SolutionGuid = {C4CB0A66-6512-43AE-B0A8-F3389DF9BD01}
	EndGlobalSection
EndGlobal
